{
  "name": "plan-poker-go",
  "lockfileVersion": 3,
  "requires": true,
  "packages": {
    "": {
      "dependencies": {
        "minidenticons": "^4.2.0"
      }
    },
    "node_modules/minidenticons": {
      "version": "4.2.0",
      "resolved": "https://registry.npmjs.org/minidenticons/-/minidenticons-4.2.0.tgz",
      "integrity": "sha512-2T3VU1N30yI3kXMRbdLsJ5DgsBoGLi2+2hbm1xTOU2RQXWW5wwpmz9XQohVSsVlhymf4W69sMGj6s39t796PBA==",
      "engines": {
        "node": ">=15.14.0"
      }
    }
  }
}
